
Microsoft Visual Studio Solution File, Format Version 12.00
# Visual Studio Version 17
VisualStudioVersion = 17.8.34511.84
MinimumVisualStudioVersion = 10.0.40219.1
Project("{FAE04EC0-301F-11D3-BF4B-00C04F79EFBC}") = "FPTJOB", "FPTJOB.csproj", "{0E63B55C-F2EC-40B1-A3D6-91AF38707128}"
EndProject
Global
	GlobalSection(SolutionConfigurationPlatforms) = preSolution
		Debug|Any CPU = Debug|Any CPU
		Release|Any CPU = Release|Any CPU
	EndGlobalSection
	GlobalSection(ProjectConfigurationPlatforms) = postSolution
		{0E63B55C-F2EC-40B1-A3D6-91AF38707128}.Debug|Any CPU.ActiveCfg = Debug|Any CPU
		{0E63B55C-F2EC-40B1-A3D6-91AF38707128}.Debug|Any CPU.Build.0 = Debug|Any CPU
		{0E63B55C-F2EC-40B1-A3D6-91AF38707128}.Release|Any CPU.ActiveCfg = Release|Any CPU
		{0E63B55C-F2EC-40B1-A3D6-91AF38707128}.Release|Any CPU.Build.0 = Release|Any CPU
	EndGlobalSection
	GlobalSection(SolutionProperties) = preSolution
		HideSolutionNode = FALSE
	EndGlobalSection
	GlobalSection(ExtensibilityGlobals) = postSolution
		SolutionGuid = {8698ABC5-CC38-4C16-96B7-3704E0D138C1}
	EndGlobalSection
EndGlobal
